
Microsoft Visual Studio Solution File, Format Version 12.00
# Visual Studio Version 17
VisualStudioVersion = 17.5.33516.290
MinimumVisualStudioVersion = 10.0.40219.1
Project("{888888A0-9F3D-457C-B088-3A5042F75D52}") = "Vasin_front", "Vasin_front\Vasin_front.pyproj", "{C18A4AD1-F7B6-48C8-8051-8D61B965F187}"
EndProject
Global
	GlobalSection(SolutionConfigurationPlatforms) = preSolution
		Debug|Any CPU = Debug|Any CPU
		Release|Any CPU = Release|Any CPU
	EndGlobalSection
	GlobalSection(ProjectConfigurationPlatforms) = postSolution
		{C18A4AD1-F7B6-48C8-8051-8D61B965F187}.Debug|Any CPU.ActiveCfg = Debug|Any CPU
		{C18A4AD1-F7B6-48C8-8051-8D61B965F187}.Release|Any CPU.ActiveCfg = Release|Any CPU
	EndGlobalSection
	GlobalSection(SolutionProperties) = preSolution
		HideSolutionNode = FALSE
	EndGlobalSection
	GlobalSection(ExtensibilityGlobals) = postSolution
		SolutionGuid = {D346C68D-AA47-4046-9595-92096270201E}
	EndGlobalSection
EndGlobal
